
Microsoft Visual Studio Solution File, Format Version 12.00
# Visual Studio 15
VisualStudioVersion = 15.0.28010.2036
MinimumVisualStudioVersion = 10.0.40219.1
Project("{FAE04EC0-301F-11D3-BF4B-00C04F79EFBC}") = "amendTheSentence", "amendTheSentence\amendTheSentence.csproj", "{22FF0919-13D8-4DFA-AE80-AAD74AF69FC4}"
EndProject
Global
	GlobalSection(SolutionConfigurationPlatforms) = preSolution
		Debug|Any CPU = Debug|Any CPU
		Release|Any CPU = Release|Any CPU
	EndGlobalSection
	GlobalSection(ProjectConfigurationPlatforms) = postSolution
		{22FF0919-13D8-4DFA-AE80-AAD74AF69FC4}.Debug|Any CPU.ActiveCfg = Debug|Any CPU
		{22FF0919-13D8-4DFA-AE80-AAD74AF69FC4}.Debug|Any CPU.Build.0 = Debug|Any CPU
		{22FF0919-13D8-4DFA-AE80-AAD74AF69FC4}.Release|Any CPU.ActiveCfg = Release|Any CPU
		{22FF0919-13D8-4DFA-AE80-AAD74AF69FC4}.Release|Any CPU.Build.0 = Release|Any CPU
	EndGlobalSection
	GlobalSection(SolutionProperties) = preSolution
		HideSolutionNode = FALSE
	EndGlobalSection
	GlobalSection(ExtensibilityGlobals) = postSolution
		SolutionGuid = {6779B942-92B8-4E5F-B88C-52D2C357B6C1}
	EndGlobalSection
EndGlobal
